
Microsoft Visual Studio Solution File, Format Version 12.00
# Visual Studio 15
VisualStudioVersion = 15.0.28010.2041
MinimumVisualStudioVersion = 10.0.40219.1
Project("{8BC9CEB8-8B4A-11D0-8D11-00A0C91BC942}") = "math", "dngin\dngin.vcxproj", "{2AA9F570-3CF5-4FF3-9677-88DC4A796F72}"
EndProject
Project("{8BC9CEB8-8B4A-11D0-8D11-00A0C91BC942}") = "math-test", "math-test\math-test.vcxproj", "{126F27CD-659A-460F-A620-FDA9B13DF130}"
EndProject
Global
	GlobalSection(SolutionConfigurationPlatforms) = preSolution
		Debug|x64 = Debug|x64
		Debug|x86 = Debug|x86
		Release|x64 = Release|x64
		Release|x86 = Release|x86
	EndGlobalSection
	GlobalSection(ProjectConfigurationPlatforms) = postSolution
		{2AA9F570-3CF5-4FF3-9677-88DC4A796F72}.Debug|x64.ActiveCfg = Debug|x64
		{2AA9F570-3CF5-4FF3-9677-88DC4A796F72}.Debug|x64.Build.0 = Debug|x64
		{2AA9F570-3CF5-4FF3-9677-88DC4A796F72}.Debug|x86.ActiveCfg = Debug|Win32
		{2AA9F570-3CF5-4FF3-9677-88DC4A796F72}.Debug|x86.Build.0 = Debug|Win32
		{2AA9F570-3CF5-4FF3-9677-88DC4A796F72}.Release|x64.ActiveCfg = Release|x64
		{2AA9F570-3CF5-4FF3-9677-88DC4A796F72}.Release|x64.Build.0 = Release|x64
		{2AA9F570-3CF5-4FF3-9677-88DC4A796F72}.Release|x86.ActiveCfg = Release|Win32
		{2AA9F570-3CF5-4FF3-9677-88DC4A796F72}.Release|x86.Build.0 = Release|Win32
		{126F27CD-659A-460F-A620-FDA9B13DF130}.Debug|x64.ActiveCfg = Debug|x64
		{126F27CD-659A-460F-A620-FDA9B13DF130}.Debug|x64.Build.0 = Debug|x64
		{126F27CD-659A-460F-A620-FDA9B13DF130}.Debug|x86.ActiveCfg = Debug|Win32
		{126F27CD-659A-460F-A620-FDA9B13DF130}.Debug|x86.Build.0 = Debug|Win32
		{126F27CD-659A-460F-A620-FDA9B13DF130}.Release|x64.ActiveCfg = Release|x64
		{126F27CD-659A-460F-A620-FDA9B13DF130}.Release|x64.Build.0 = Release|x64
		{126F27CD-659A-460F-A620-FDA9B13DF130}.Release|x86.ActiveCfg = Release|Win32
		{126F27CD-659A-460F-A620-FDA9B13DF130}.Release|x86.Build.0 = Release|Win32
	EndGlobalSection
	GlobalSection(SolutionProperties) = preSolution
		HideSolutionNode = FALSE
	EndGlobalSection
	GlobalSection(ExtensibilityGlobals) = postSolution
		SolutionGuid = {13753F28-BB3D-4E49-94CB-7F8125716C1D}
	EndGlobalSection
EndGlobal
